
Microsoft Visual Studio Solution File, Format Version 12.00
# Visual Studio Version 17
VisualStudioVersion = 17.9.34607.119
MinimumVisualStudioVersion = 10.0.40219.1
Project("{FAE04EC0-301F-11D3-BF4B-00C04F79EFBC}") = "VenueBookingSystem", "VenueBookingSystem.csproj", "{721194F7-220F-4C8B-B8CD-E55AE403C572}"
EndProject
Global
	GlobalSection(SolutionConfigurationPlatforms) = preSolution
		Debug|Any CPU = Debug|Any CPU
		Release|Any CPU = Release|Any CPU
	EndGlobalSection
	GlobalSection(ProjectConfigurationPlatforms) = postSolution
		{721194F7-220F-4C8B-B8CD-E55AE403C572}.Debug|Any CPU.ActiveCfg = Debug|Any CPU
		{721194F7-220F-4C8B-B8CD-E55AE403C572}.Debug|Any CPU.Build.0 = Debug|Any CPU
		{721194F7-220F-4C8B-B8CD-E55AE403C572}.Release|Any CPU.ActiveCfg = Release|Any CPU
		{721194F7-220F-4C8B-B8CD-E55AE403C572}.Release|Any CPU.Build.0 = Release|Any CPU
	EndGlobalSection
	GlobalSection(SolutionProperties) = preSolution
		HideSolutionNode = FALSE
	EndGlobalSection
	GlobalSection(ExtensibilityGlobals) = postSolution
		SolutionGuid = {7F741FF3-62E0-46E8-8943-413079EB9386}
	EndGlobalSection
EndGlobal
